
Microsoft Visual Studio Solution File, Format Version 12.00
# Visual Studio Version 16
VisualStudioVersion = 25.0.1705.1
MinimumVisualStudioVersion = 10.0.40219.1
Project("{2150E333-8FDC-42A3-9474-1A3956D46DE8}") = "src", "src", "{8EF457D7-5B75-419F-B2C7-DE530598C921}"
EndProject
Project("{2150E333-8FDC-42A3-9474-1A3956D46DE8}") = "API", "API", "{FC501C77-8ACF-4325-A616-6C3AEB017545}"
EndProject
Project("{FAE04EC0-301F-11D3-BF4B-00C04F79EFBC}") = "ModaStore.API", "src\API\ModaStore.API\ModaStore.API.csproj", "{E077777F-2622-4879-AC37-9895549082D8}"
EndProject
Project("{2150E333-8FDC-42A3-9474-1A3956D46DE8}") = "Core", "Core", "{02939111-CD84-4840-A91C-451B92A85E2E}"
EndProject
Project("{FAE04EC0-301F-11D3-BF4B-00C04F79EFBC}") = "ModaStore.Domain", "src\Core\ModaStore.Domain\ModaStore.Domain.csproj", "{365158AA-7A94-4F98-B677-83A6282657E7}"
EndProject
Project("{2150E333-8FDC-42A3-9474-1A3956D46DE8}") = "Application", "Application", "{991A70F8-DE48-413E-9376-2F6535F4F73D}"
EndProject
Project("{2150E333-8FDC-42A3-9474-1A3956D46DE8}") = "Tests", "Tests", "{404B588D-22DB-458A-8402-7F17A01C9287}"
EndProject
Project("{FAE04EC0-301F-11D3-BF4B-00C04F79EFBC}") = "ModaStore.Application", "src\Application\ModaStore.Application\ModaStore.Application.csproj", "{F72A1EC9-D7FD-4062-83D8-C3077E069B2D}"
EndProject
Project("{2150E333-8FDC-42A3-9474-1A3956D46DE8}") = "Infrastructure", "Infrastructure", "{5293932D-8493-43F9-8451-D306D5ADFFAC}"
EndProject
Project("{FAE04EC0-301F-11D3-BF4B-00C04F79EFBC}") = "ModaStore.Infrastructure", "src\Infrastructure\ModaStore.Infrastructure\ModaStore.Infrastructure.csproj", "{A3A16FFC-02FE-49C2-B9AA-1EF36C6F9B40}"
EndProject
Project("{FAE04EC0-301F-11D3-BF4B-00C04F79EFBC}") = "ModaStore.API.Tests", "Tests\ModaStore.API.Tests\ModaStore.API.Tests.csproj", "{494CC139-624B-4E62-B233-80EA2DBCA5E4}"
EndProject
Global
	GlobalSection(SolutionConfigurationPlatforms) = preSolution
		Debug|Any CPU = Debug|Any CPU
		Release|Any CPU = Release|Any CPU
	EndGlobalSection
	GlobalSection(ProjectConfigurationPlatforms) = postSolution
		{E077777F-2622-4879-AC37-9895549082D8}.Debug|Any CPU.ActiveCfg = Debug|Any CPU
		{E077777F-2622-4879-AC37-9895549082D8}.Debug|Any CPU.Build.0 = Debug|Any CPU
		{E077777F-2622-4879-AC37-9895549082D8}.Release|Any CPU.ActiveCfg = Release|Any CPU
		{E077777F-2622-4879-AC37-9895549082D8}.Release|Any CPU.Build.0 = Release|Any CPU
		{365158AA-7A94-4F98-B677-83A6282657E7}.Debug|Any CPU.ActiveCfg = Debug|Any CPU
		{365158AA-7A94-4F98-B677-83A6282657E7}.Debug|Any CPU.Build.0 = Debug|Any CPU
		{365158AA-7A94-4F98-B677-83A6282657E7}.Release|Any CPU.ActiveCfg = Release|Any CPU
		{365158AA-7A94-4F98-B677-83A6282657E7}.Release|Any CPU.Build.0 = Release|Any CPU
		{F72A1EC9-D7FD-4062-83D8-C3077E069B2D}.Debug|Any CPU.ActiveCfg = Debug|Any CPU
		{F72A1EC9-D7FD-4062-83D8-C3077E069B2D}.Debug|Any CPU.Build.0 = Debug|Any CPU
		{F72A1EC9-D7FD-4062-83D8-C3077E069B2D}.Release|Any CPU.ActiveCfg = Release|Any CPU
		{F72A1EC9-D7FD-4062-83D8-C3077E069B2D}.Release|Any CPU.Build.0 = Release|Any CPU
		{A3A16FFC-02FE-49C2-B9AA-1EF36C6F9B40}.Debug|Any CPU.ActiveCfg = Debug|Any CPU
		{A3A16FFC-02FE-49C2-B9AA-1EF36C6F9B40}.Debug|Any CPU.Build.0 = Debug|Any CPU
		{A3A16FFC-02FE-49C2-B9AA-1EF36C6F9B40}.Release|Any CPU.ActiveCfg = Release|Any CPU
		{A3A16FFC-02FE-49C2-B9AA-1EF36C6F9B40}.Release|Any CPU.Build.0 = Release|Any CPU
		{494CC139-624B-4E62-B233-80EA2DBCA5E4}.Debug|Any CPU.ActiveCfg = Debug|Any CPU
		{494CC139-624B-4E62-B233-80EA2DBCA5E4}.Debug|Any CPU.Build.0 = Debug|Any CPU
		{494CC139-624B-4E62-B233-80EA2DBCA5E4}.Release|Any CPU.ActiveCfg = Release|Any CPU
		{494CC139-624B-4E62-B233-80EA2DBCA5E4}.Release|Any CPU.Build.0 = Release|Any CPU
	EndGlobalSection
	GlobalSection(SolutionProperties) = preSolution
		HideSolutionNode = FALSE
	EndGlobalSection
	GlobalSection(ExtensibilityGlobals) = postSolution
		SolutionGuid = {DE675046-8DA2-4E3B-91A0-11788714AA40}
	EndGlobalSection
	GlobalSection(NestedProjects) = preSolution
		{FC501C77-8ACF-4325-A616-6C3AEB017545} = {8EF457D7-5B75-419F-B2C7-DE530598C921}
		{E077777F-2622-4879-AC37-9895549082D8} = {FC501C77-8ACF-4325-A616-6C3AEB017545}
		{02939111-CD84-4840-A91C-451B92A85E2E} = {8EF457D7-5B75-419F-B2C7-DE530598C921}
		{365158AA-7A94-4F98-B677-83A6282657E7} = {02939111-CD84-4840-A91C-451B92A85E2E}
		{991A70F8-DE48-413E-9376-2F6535F4F73D} = {8EF457D7-5B75-419F-B2C7-DE530598C921}
		{F72A1EC9-D7FD-4062-83D8-C3077E069B2D} = {991A70F8-DE48-413E-9376-2F6535F4F73D}
		{5293932D-8493-43F9-8451-D306D5ADFFAC} = {8EF457D7-5B75-419F-B2C7-DE530598C921}
		{A3A16FFC-02FE-49C2-B9AA-1EF36C6F9B40} = {5293932D-8493-43F9-8451-D306D5ADFFAC}
		{494CC139-624B-4E62-B233-80EA2DBCA5E4} = {404B588D-22DB-458A-8402-7F17A01C9287}
	EndGlobalSection
EndGlobal
