{
  "name": "Web",
  "lockfileVersion": 2,
  "requires": true,
  "packages": {
    "": {
      "dependencies": {
        "@angular/common": "^16.0.5",
        "@angular/core": "^16.0.5",
        "@automapper/classes": "^8.7.7",
        "@automapper/core": "^8.7.7",
        "@dynamic-mapper/mapper": "^1.10.2",
        "@ngrx/effects": "^16.0.1",
        "@ngrx/store": "^16.0.1",
        "@stripe/stripe-js": "^1.54.0",
        "@types/angular": "^1.8.5",
        "mdb-angular-ui-kit": "^5.0.0",
        "ngx-stripe": "^16.1.1",
        "reflect-metadata": "^0.1.13",
        "stripe": "^12.9.0",
        "stripe-angular": "^1.9.3",
        "text-mask-core": "^5.1.2"
      }
    },
    "node_modules/@angular/animations": {
      "version": "16.1.8",
      "resolved": "https://registry.npmjs.org/@angular/animations/-/animations-16.1.8.tgz",
      "integrity": "sha512-aIAf8EAZomgXMF6AP0wTPAc04Cvw+nL9nkEVwQNVxMByZpcbnnqHWHokLD8es8DzlwDT+EIZS4wZMBA4XUmPyA==",
      "peer": true,
      "dependencies": {
        "tslib": "^2.3.0"
      },
      "engines": {
        "node": "^16.14.0 || >=18.10.0"
      },
      "peerDependencies": {
        "@angular/core": "16.1.8"
      }
    },
    "node_modules/@angular/cdk": {
      "version": "16.1.7",
      "resolved": "https://registry.npmjs.org/@angular/cdk/-/cdk-16.1.7.tgz",
      "integrity": "sha512-KLiqzbilkGBtQcaNdqjN16XyNdQxEkN4Oqbg6coahWqwvEVEdhNwLrwOJcCHMH2vvMzCd4XHaOnAxQjVy5pkjQ==",
      "peer": true,
      "dependencies": {
        "tslib": "^2.3.0"
      },
      "optionalDependencies": {
        "parse5": "^7.1.2"
      },
      "peerDependencies": {
        "@angular/common": "^16.0.0 || ^17.0.0",
        "@angular/core": "^16.0.0 || ^17.0.0",
        "rxjs": "^6.5.3 || ^7.4.0"
      }
    },
    "node_modules/@angular/common": {
      "version": "16.1.8",
      "resolved": "https://registry.npmjs.org/@angular/common/-/common-16.1.8.tgz",
      "integrity": "sha512-Zm+Ysxdf74VwG3mbAqs2v1QFUR+h9RyJBXF5VFABEpgFw7NUOBKrayjJmKjgZ0TBAmL2+nXehJgcPph3zNp3sg==",
      "dependencies": {
        "tslib": "^2.3.0"
      },
      "engines": {
        "node": "^16.14.0 || >=18.10.0"
      },
      "peerDependencies": {
        "@angular/core": "16.1.8",
        "rxjs": "^6.5.3 || ^7.4.0"
      }
    },
    "node_modules/@angular/core": {
      "version": "16.1.8",
      "resolved": "https://registry.npmjs.org/@angular/core/-/core-16.1.8.tgz",
      "integrity": "sha512-XtOpY9HA85hPGrPwe1rgE8NJ3bFWbuJFx4SUlzB66k9B5jo8bD2Dxl/0id55RFS5gmvCe/Qhh0zoGyMpkWjMHA==",
      "dependencies": {
        "tslib": "^2.3.0"
      },
      "engines": {
        "node": "^16.14.0 || >=18.10.0"
      },
      "peerDependencies": {
        "rxjs": "^6.5.3 || ^7.4.0",
        "zone.js": "~0.13.0"
      }
    },
    "node_modules/@angular/forms": {
      "version": "16.1.8",
      "resolved": "https://registry.npmjs.org/@angular/forms/-/forms-16.1.8.tgz",
      "integrity": "sha512-V36q42ExvL93T7oYvRf4Z2z2V/kOm0wgaFgkNSiBHgIpuwvrAZ9nRZBui5Fqdnep3xKYd980vAaTtACA1blv3Q==",
      "peer": true,
      "dependencies": {
        "tslib": "^2.3.0"
      },
      "engines": {
        "node": "^16.14.0 || >=18.10.0"
      },
      "peerDependencies": {
        "@angular/common": "16.1.8",
        "@angular/core": "16.1.8",
        "@angular/platform-browser": "16.1.8",
        "rxjs": "^6.5.3 || ^7.4.0"
      }
    },
    "node_modules/@angular/platform-browser": {
      "version": "16.1.8",
      "resolved": "https://registry.npmjs.org/@angular/platform-browser/-/platform-browser-16.1.8.tgz",
      "integrity": "sha512-wfUCVU7DLMHy5Rw7LY8KSTuLk0ff2bWElT6WSAKXXFEPjQiWuXbbIe+gglJX5HFQQHoyVwNbsSDIIgEp535Kvw==",
      "peer": true,
      "dependencies": {
        "tslib": "^2.3.0"
      },
      "engines": {
        "node": "^16.14.0 || >=18.10.0"
      },
      "peerDependencies": {
        "@angular/animations": "16.1.8",
        "@angular/common": "16.1.8",
        "@angular/core": "16.1.8"
      },
      "peerDependenciesMeta": {
        "@angular/animations": {
          "optional": true
        }
      }
    },
    "node_modules/@automapper/classes": {
      "version": "8.7.7",
      "resolved": "https://registry.npmjs.org/@automapper/classes/-/classes-8.7.7.tgz",
      "integrity": "sha512-FSbvt6QE8XnhKKQZA3kpKLuLrr9x1iW+lNYTrawVLjxQ05zsCGccLxe7moMNrg1wFAVAouQKupFgCGQ7XRjmJw==",
      "engines": {
        "node": ">=14.0.0"
      },
      "peerDependencies": {
        "@automapper/core": "8.7.7",
        "reflect-metadata": "~0.1.13"
      }
    },
    "node_modules/@automapper/core": {
      "version": "8.7.7",
      "resolved": "https://registry.npmjs.org/@automapper/core/-/core-8.7.7.tgz",
      "integrity": "sha512-YfpDJ/xqwUuC0S+BLNk81ZJfeL7CmjirUX/Gk9eQyx146DKvneBZgeZ9v5rDB51Ti14jTxVHis+5JuT7W/q0TA==",
      "engines": {
        "node": ">=14.0.0"
      }
    },
    "node_modules/@dynamic-mapper/mapper": {
      "version": "1.10.2",
      "resolved": "https://registry.npmjs.org/@dynamic-mapper/mapper/-/mapper-1.10.2.tgz",
      "integrity": "sha512-C+VPmBDGhl2aepCSkegbQd1ABPxxbN6oN5PRXD0HHmgx+FEh8w8yU4P86Yi73ICdkABSB8C7hcnhTcA2zGeRmw=="
    },
    "node_modules/@ngrx/effects": {
      "version": "16.0.1",
      "resolved": "https://registry.npmjs.org/@ngrx/effects/-/effects-16.0.1.tgz",
      "integrity": "sha512-hpmON8p7kT44jIiruLBy3raFkYhNzQ45was0puKPkGhv41VrAoo44UcEn4Aysdx5yHaJc/CMCtI/+emFIpqgGA==",
      "dependencies": {
        "tslib": "^2.0.0"
      },
      "peerDependencies": {
        "@angular/core": "^16.0.0",
        "@ngrx/store": "16.0.1",
        "rxjs": "^6.5.3 || ^7.5.0"
      }
    },
    "node_modules/@ngrx/store": {
      "version": "16.0.1",
      "resolved": "https://registry.npmjs.org/@ngrx/store/-/store-16.0.1.tgz",
      "integrity": "sha512-KkYzF3j29qKOzHcmiArRJgT+ABLqbddj1DuxerNq3A8zWnTDdC4YgNpDOKru8hQWb3pQ77ZbglLati5K9F8HnQ==",
      "dependencies": {
        "tslib": "^2.0.0"
      },
      "peerDependencies": {
        "@angular/core": "^16.0.0",
        "rxjs": "^6.5.3 || ^7.5.0"
      }
    },
    "node_modules/@stripe/stripe-js": {
      "version": "1.54.0",
      "resolved": "https://registry.npmjs.org/@stripe/stripe-js/-/stripe-js-1.54.0.tgz",
      "integrity": "sha512-nElTXkS+nMfDNMkWfLmyeqHQfMGJ1JjrjAVMibV61Oc/rYdUv0cKRYCi1l4ivZ5SySB3vQLcLolxbKBkbNznZA=="
    },
    "node_modules/@types/angular": {
      "version": "1.8.5",
      "resolved": "https://registry.npmjs.org/@types/angular/-/angular-1.8.5.tgz",
      "integrity": "sha512-tifGGLxuKOEl7Z1BoAkZKpu+eEyfZ/0Ugm5imM+D1Vj+QzuhPQS0icI34laN3CLbksyfZQPGTQa0i+jjZdpiLw=="
    },
    "node_modules/@types/node": {
      "version": "20.2.5",
      "resolved": "https://registry.npmjs.org/@types/node/-/node-20.2.5.tgz",
      "integrity": "sha512-JJulVEQXmiY9Px5axXHeYGLSjhkZEnD+MDPDGbCbIAbMslkKwmygtZFy1X6s/075Yo94sf8GuSlFfPzysQrWZQ=="
    },
    "node_modules/@types/stripe-v3": {
      "version": "3.1.28",
      "resolved": "https://registry.npmjs.org/@types/stripe-v3/-/stripe-v3-3.1.28.tgz",
      "integrity": "sha512-5poJyz1QFXpi1hE2bAWy7gFMdj5Fgofm94DNCaTK9V2LeWPdhCQIaP/6qUagZwgCcTURXzih1J7f3sjXH1cOsw==",
      "peer": true
    },
    "node_modules/call-bind": {
      "version": "1.0.2",
      "resolved": "https://registry.npmjs.org/call-bind/-/call-bind-1.0.2.tgz",
      "integrity": "sha512-7O+FbCihrB5WGbFYesctwmTKae6rOiIzmz1icreWJ+0aA7LJfuqhEso2T9ncpcFtzMQtzXf2QGGueWJGTYsqrA==",
      "dependencies": {
        "function-bind": "^1.1.1",
        "get-intrinsic": "^1.0.2"
      },
      "funding": {
        "url": "https://github.com/sponsors/ljharb"
      }
    },
    "node_modules/entities": {
      "version": "4.5.0",
      "resolved": "https://registry.npmjs.org/entities/-/entities-4.5.0.tgz",
      "integrity": "sha512-V0hjH4dGPh9Ao5p0MoRY6BVqtwCjhz6vI5LT8AJ55H+4g9/4vbHx1I54fS0XuclLhDHArPQCiMjDxjaL8fPxhw==",
      "optional": true,
      "peer": true,
      "engines": {
        "node": ">=0.12"
      },
      "funding": {
        "url": "https://github.com/fb55/entities?sponsor=1"
      }
    },
    "node_modules/function-bind": {
      "version": "1.1.1",
      "resolved": "https://registry.npmjs.org/function-bind/-/function-bind-1.1.1.tgz",
      "integrity": "sha512-yIovAzMX49sF8Yl58fSCWJ5svSLuaibPxXQJFLmBObTuCr0Mf1KiPopGM9NiFjiYBCbfaa2Fh6breQ6ANVTI0A=="
    },
    "node_modules/get-intrinsic": {
      "version": "1.2.1",
      "resolved": "https://registry.npmjs.org/get-intrinsic/-/get-intrinsic-1.2.1.tgz",
      "integrity": "sha512-2DcsyfABl+gVHEfCOaTrWgyt+tb6MSEGmKq+kI5HwLbIYgjgmMcV8KQ41uaKz1xxUcn9tJtgFbQUEVcEbd0FYw==",
      "dependencies": {
        "function-bind": "^1.1.1",
        "has": "^1.0.3",
        "has-proto": "^1.0.1",
        "has-symbols": "^1.0.3"
      },
      "funding": {
        "url": "https://github.com/sponsors/ljharb"
      }
    },
    "node_modules/has": {
      "version": "1.0.3",
      "resolved": "https://registry.npmjs.org/has/-/has-1.0.3.tgz",
      "integrity": "sha512-f2dvO0VU6Oej7RkWJGrehjbzMAjFp5/VKPp5tTpWIV4JHHZK1/BxbFRtf/siA2SWTe09caDmVtYYzWEIbBS4zw==",
      "dependencies": {
        "function-bind": "^1.1.1"
      },
      "engines": {
        "node": ">= 0.4.0"
      }
    },
    "node_modules/has-proto": {
      "version": "1.0.1",
      "resolved": "https://registry.npmjs.org/has-proto/-/has-proto-1.0.1.tgz",
      "integrity": "sha512-7qE+iP+O+bgF9clE5+UoBFzE65mlBiVj3tKCrlNQ0Ogwm0BjpT/gK4SlLYDMybDh5I3TCTKnPPa0oMG7JDYrhg==",
      "engines": {
        "node": ">= 0.4"
      },
      "funding": {
        "url": "https://github.com/sponsors/ljharb"
      }
    },
    "node_modules/has-symbols": {
      "version": "1.0.3",
      "resolved": "https://registry.npmjs.org/has-symbols/-/has-symbols-1.0.3.tgz",
      "integrity": "sha512-l3LCuF6MgDNwTDKkdYGEihYjt5pRPbEg46rtlmnSPlUbgmB8LOIrKJbYYFBSbnPaJexMKtiPO8hmeRjRz2Td+A==",
      "engines": {
        "node": ">= 0.4"
      },
      "funding": {
        "url": "https://github.com/sponsors/ljharb"
      }
    },
    "node_modules/mdb-angular-ui-kit": {
      "version": "5.0.0",
      "resolved": "https://registry.npmjs.org/mdb-angular-ui-kit/-/mdb-angular-ui-kit-5.0.0.tgz",
      "integrity": "sha512-Hx3tWtbX+paIBJHPv3R64nnuQvBJq4V6P1Bm9kVzEAb8ODyNx+jFpC67/OJTb4Lh83dx3QB5EL3eYSgD7E0KpQ==",
      "dependencies": {
        "tslib": "^2.0.0"
      },
      "peerDependencies": {
        "@angular/animations": "^16.0.0",
        "@angular/cdk": "^16.0.0",
        "@angular/common": "^16.0.0",
        "@angular/core": "^16.0.0",
        "@angular/forms": "^16.0.0"
      }
    },
    "node_modules/ngx-stripe": {
      "version": "16.1.1",
      "resolved": "https://registry.npmjs.org/ngx-stripe/-/ngx-stripe-16.1.1.tgz",
      "integrity": "sha512-odk2xAPjam+7fPf+3wyzMfOqaYoZASpoP5F7HOcAms9NyZZDNlz5ynikmvPhYNTp7etdLBUeT4fAMFzhgVqs8Q==",
      "dependencies": {
        "tslib": "^2.3.0"
      },
      "peerDependencies": {
        "@angular/common": ">=16.0.0 <17.0.0",
        "@angular/core": ">=16.0.0 <17.0.0",
        "@stripe/stripe-js": "^1.54.0 <2.0.0"
      }
    },
    "node_modules/object-inspect": {
      "version": "1.12.3",
      "resolved": "https://registry.npmjs.org/object-inspect/-/object-inspect-1.12.3.tgz",
      "integrity": "sha512-geUvdk7c+eizMNUDkRpW1wJwgfOiOeHbxBR/hLXK1aT6zmVSO0jsQcs7fj6MGw89jC/cjGfLcNOrtMYtGqm81g==",
      "funding": {
        "url": "https://github.com/sponsors/ljharb"
      }
    },
    "node_modules/parse5": {
      "version": "7.1.2",
      "resolved": "https://registry.npmjs.org/parse5/-/parse5-7.1.2.tgz",
      "integrity": "sha512-Czj1WaSVpaoj0wbhMzLmWD69anp2WH7FXMB9n1Sy8/ZFF9jolSQVMu1Ij5WIyGmcBmhk7EOndpO4mIpihVqAXw==",
      "optional": true,
      "peer": true,
      "dependencies": {
        "entities": "^4.4.0"
      },
      "funding": {
        "url": "https://github.com/inikulin/parse5?sponsor=1"
      }
    },
    "node_modules/qs": {
      "version": "6.11.2",
      "resolved": "https://registry.npmjs.org/qs/-/qs-6.11.2.tgz",
      "integrity": "sha512-tDNIz22aBzCDxLtVH++VnTfzxlfeK5CbqohpSqpJgj1Wg/cQbStNAz3NuqCs5vV+pjBsK4x4pN9HlVh7rcYRiA==",
      "dependencies": {
        "side-channel": "^1.0.4"
      },
      "engines": {
        "node": ">=0.6"
      },
      "funding": {
        "url": "https://github.com/sponsors/ljharb"
      }
    },
    "node_modules/reflect-metadata": {
      "version": "0.1.13",
      "resolved": "https://registry.npmjs.org/reflect-metadata/-/reflect-metadata-0.1.13.tgz",
      "integrity": "sha512-Ts1Y/anZELhSsjMcU605fU9RE4Oi3p5ORujwbIKXfWa+0Zxs510Qrmrce5/Jowq3cHSZSJqBjypxmHarc+vEWg=="
    },
    "node_modules/rxjs": {
      "version": "7.8.1",
      "resolved": "https://registry.npmjs.org/rxjs/-/rxjs-7.8.1.tgz",
      "integrity": "sha512-AA3TVj+0A2iuIoQkWEK/tqFjBq2j+6PO6Y0zJcvzLAFhEFIO3HL0vls9hWLncZbAAbK0mar7oZ4V079I/qPMxg==",
      "peer": true,
      "dependencies": {
        "tslib": "^2.1.0"
      }
    },
    "node_modules/side-channel": {
      "version": "1.0.4",
      "resolved": "https://registry.npmjs.org/side-channel/-/side-channel-1.0.4.tgz",
      "integrity": "sha512-q5XPytqFEIKHkGdiMIrY10mvLRvnQh42/+GoBlFW3b2LXLE2xxJpZFdm94we0BaoV3RwJyGqg5wS7epxTv0Zvw==",
      "dependencies": {
        "call-bind": "^1.0.0",
        "get-intrinsic": "^1.0.2",
        "object-inspect": "^1.9.0"
      },
      "funding": {
        "url": "https://github.com/sponsors/ljharb"
      }
    },
    "node_modules/stripe": {
      "version": "12.9.0",
      "resolved": "https://registry.npmjs.org/stripe/-/stripe-12.9.0.tgz",
      "integrity": "sha512-stYtrWetRYUsEbsUVyJaPG9Sppt0ds2szBqXsuDG6KZPPuUmCccbpceLrhoOBwNl1RziEfNB7oG9wg1n2eW+EQ==",
      "dependencies": {
        "@types/node": ">=8.1.0",
        "qs": "^6.11.0"
      },
      "engines": {
        "node": ">=12.*"
      }
    },
    "node_modules/stripe-angular": {
      "version": "1.9.3",
      "resolved": "https://registry.npmjs.org/stripe-angular/-/stripe-angular-1.9.3.tgz",
      "integrity": "sha512-GO7Qom9hnhRt+6TadV7UplsiSt/yHXfzSJ5fjpdpF/Z3eSCWFyQ7XLBwoEJKcW1klhSHC2zvD3A6U93FnDSZXQ==",
      "dependencies": {
        "tslib": "^2.3.0"
      },
      "peerDependencies": {
        "@types/stripe-v3": "^3.1.23"
      }
    },
    "node_modules/text-mask-core": {
      "version": "5.1.2",
      "resolved": "https://registry.npmjs.org/text-mask-core/-/text-mask-core-5.1.2.tgz",
      "integrity": "sha512-VfkCMdmRRZqXgQZFlDMiavm3hzsMzBM23CxHZsaeAYg66ZhXCNJWrFmnJwNy8KF9f74YvAUAuQenxsMCfuvhUw=="
    },
    "node_modules/tslib": {
      "version": "2.5.3",
      "resolved": "https://registry.npmjs.org/tslib/-/tslib-2.5.3.tgz",
      "integrity": "sha512-mSxlJJwl3BMEQCUNnxXBU9jP4JBktcEGhURcPR6VQVlnP0FdDEsIaz0C35dXNGLyRfrATNofF0F5p2KPxQgB+w=="
    },
    "node_modules/zone.js": {
      "version": "0.13.0",
      "resolved": "https://registry.npmjs.org/zone.js/-/zone.js-0.13.0.tgz",
      "integrity": "sha512-7m3hNNyswsdoDobCkYNAy5WiUulkMd3+fWaGT9ij6iq3Zr/IwJo4RMCYPSDjT+r7tnPErmY9sZpKhWQ8S5k6XQ==",
      "peer": true,
      "dependencies": {
        "tslib": "^2.3.0"
      }
    }
  },
  "dependencies": {
    "@angular/animations": {
      "version": "16.1.8",
      "resolved": "https://registry.npmjs.org/@angular/animations/-/animations-16.1.8.tgz",
      "integrity": "sha512-aIAf8EAZomgXMF6AP0wTPAc04Cvw+nL9nkEVwQNVxMByZpcbnnqHWHokLD8es8DzlwDT+EIZS4wZMBA4XUmPyA==",
      "peer": true,
      "requires": {
        "tslib": "^2.3.0"
      }
    },
    "@angular/cdk": {
      "version": "16.1.7",
      "resolved": "https://registry.npmjs.org/@angular/cdk/-/cdk-16.1.7.tgz",
      "integrity": "sha512-KLiqzbilkGBtQcaNdqjN16XyNdQxEkN4Oqbg6coahWqwvEVEdhNwLrwOJcCHMH2vvMzCd4XHaOnAxQjVy5pkjQ==",
      "peer": true,
      "requires": {
        "parse5": "^7.1.2",
        "tslib": "^2.3.0"
      }
    },
    "@angular/common": {
      "version": "16.1.8",
      "resolved": "https://registry.npmjs.org/@angular/common/-/common-16.1.8.tgz",
      "integrity": "sha512-Zm+Ysxdf74VwG3mbAqs2v1QFUR+h9RyJBXF5VFABEpgFw7NUOBKrayjJmKjgZ0TBAmL2+nXehJgcPph3zNp3sg==",
      "requires": {
        "tslib": "^2.3.0"
      }
    },
    "@angular/core": {
      "version": "16.1.8",
      "resolved": "https://registry.npmjs.org/@angular/core/-/core-16.1.8.tgz",
      "integrity": "sha512-XtOpY9HA85hPGrPwe1rgE8NJ3bFWbuJFx4SUlzB66k9B5jo8bD2Dxl/0id55RFS5gmvCe/Qhh0zoGyMpkWjMHA==",
      "requires": {
        "tslib": "^2.3.0"
      }
    },
    "@angular/forms": {
      "version": "16.1.8",
      "resolved": "https://registry.npmjs.org/@angular/forms/-/forms-16.1.8.tgz",
      "integrity": "sha512-V36q42ExvL93T7oYvRf4Z2z2V/kOm0wgaFgkNSiBHgIpuwvrAZ9nRZBui5Fqdnep3xKYd980vAaTtACA1blv3Q==",
      "peer": true,
      "requires": {
        "tslib": "^2.3.0"
      }
    },
    "@angular/platform-browser": {
      "version": "16.1.8",
      "resolved": "https://registry.npmjs.org/@angular/platform-browser/-/platform-browser-16.1.8.tgz",
      "integrity": "sha512-wfUCVU7DLMHy5Rw7LY8KSTuLk0ff2bWElT6WSAKXXFEPjQiWuXbbIe+gglJX5HFQQHoyVwNbsSDIIgEp535Kvw==",
      "peer": true,
      "requires": {
        "tslib": "^2.3.0"
      }
    },
    "@automapper/classes": {
      "version": "8.7.7",
      "resolved": "https://registry.npmjs.org/@automapper/classes/-/classes-8.7.7.tgz",
      "integrity": "sha512-FSbvt6QE8XnhKKQZA3kpKLuLrr9x1iW+lNYTrawVLjxQ05zsCGccLxe7moMNrg1wFAVAouQKupFgCGQ7XRjmJw==",
      "requires": {}
    },
    "@automapper/core": {
      "version": "8.7.7",
      "resolved": "https://registry.npmjs.org/@automapper/core/-/core-8.7.7.tgz",
      "integrity": "sha512-YfpDJ/xqwUuC0S+BLNk81ZJfeL7CmjirUX/Gk9eQyx146DKvneBZgeZ9v5rDB51Ti14jTxVHis+5JuT7W/q0TA=="
    },
    "@dynamic-mapper/mapper": {
      "version": "1.10.2",
      "resolved": "https://registry.npmjs.org/@dynamic-mapper/mapper/-/mapper-1.10.2.tgz",
      "integrity": "sha512-C+VPmBDGhl2aepCSkegbQd1ABPxxbN6oN5PRXD0HHmgx+FEh8w8yU4P86Yi73ICdkABSB8C7hcnhTcA2zGeRmw=="
    },
    "@ngrx/effects": {
      "version": "16.0.1",
      "resolved": "https://registry.npmjs.org/@ngrx/effects/-/effects-16.0.1.tgz",
      "integrity": "sha512-hpmON8p7kT44jIiruLBy3raFkYhNzQ45was0puKPkGhv41VrAoo44UcEn4Aysdx5yHaJc/CMCtI/+emFIpqgGA==",
      "requires": {
        "tslib": "^2.0.0"
      }
    },
    "@ngrx/store": {
      "version": "16.0.1",
      "resolved": "https://registry.npmjs.org/@ngrx/store/-/store-16.0.1.tgz",
      "integrity": "sha512-KkYzF3j29qKOzHcmiArRJgT+ABLqbddj1DuxerNq3A8zWnTDdC4YgNpDOKru8hQWb3pQ77ZbglLati5K9F8HnQ==",
      "requires": {
        "tslib": "^2.0.0"
      }
    },
    "@stripe/stripe-js": {
      "version": "1.54.0",
      "resolved": "https://registry.npmjs.org/@stripe/stripe-js/-/stripe-js-1.54.0.tgz",
      "integrity": "sha512-nElTXkS+nMfDNMkWfLmyeqHQfMGJ1JjrjAVMibV61Oc/rYdUv0cKRYCi1l4ivZ5SySB3vQLcLolxbKBkbNznZA=="
    },
    "@types/angular": {
      "version": "1.8.5",
      "resolved": "https://registry.npmjs.org/@types/angular/-/angular-1.8.5.tgz",
      "integrity": "sha512-tifGGLxuKOEl7Z1BoAkZKpu+eEyfZ/0Ugm5imM+D1Vj+QzuhPQS0icI34laN3CLbksyfZQPGTQa0i+jjZdpiLw=="
    },
    "@types/node": {
      "version": "20.2.5",
      "resolved": "https://registry.npmjs.org/@types/node/-/node-20.2.5.tgz",
      "integrity": "sha512-JJulVEQXmiY9Px5axXHeYGLSjhkZEnD+MDPDGbCbIAbMslkKwmygtZFy1X6s/075Yo94sf8GuSlFfPzysQrWZQ=="
    },
    "@types/stripe-v3": {
      "version": "3.1.28",
      "resolved": "https://registry.npmjs.org/@types/stripe-v3/-/stripe-v3-3.1.28.tgz",
      "integrity": "sha512-5poJyz1QFXpi1hE2bAWy7gFMdj5Fgofm94DNCaTK9V2LeWPdhCQIaP/6qUagZwgCcTURXzih1J7f3sjXH1cOsw==",
      "peer": true
    },
    "call-bind": {
      "version": "1.0.2",
      "resolved": "https://registry.npmjs.org/call-bind/-/call-bind-1.0.2.tgz",
      "integrity": "sha512-7O+FbCihrB5WGbFYesctwmTKae6rOiIzmz1icreWJ+0aA7LJfuqhEso2T9ncpcFtzMQtzXf2QGGueWJGTYsqrA==",
      "requires": {
        "function-bind": "^1.1.1",
        "get-intrinsic": "^1.0.2"
      }
    },
    "entities": {
      "version": "4.5.0",
      "resolved": "https://registry.npmjs.org/entities/-/entities-4.5.0.tgz",
      "integrity": "sha512-V0hjH4dGPh9Ao5p0MoRY6BVqtwCjhz6vI5LT8AJ55H+4g9/4vbHx1I54fS0XuclLhDHArPQCiMjDxjaL8fPxhw==",
      "optional": true,
      "peer": true
    },
    "function-bind": {
      "version": "1.1.1",
      "resolved": "https://registry.npmjs.org/function-bind/-/function-bind-1.1.1.tgz",
      "integrity": "sha512-yIovAzMX49sF8Yl58fSCWJ5svSLuaibPxXQJFLmBObTuCr0Mf1KiPopGM9NiFjiYBCbfaa2Fh6breQ6ANVTI0A=="
    },
    "get-intrinsic": {
      "version": "1.2.1",
      "resolved": "https://registry.npmjs.org/get-intrinsic/-/get-intrinsic-1.2.1.tgz",
      "integrity": "sha512-2DcsyfABl+gVHEfCOaTrWgyt+tb6MSEGmKq+kI5HwLbIYgjgmMcV8KQ41uaKz1xxUcn9tJtgFbQUEVcEbd0FYw==",
      "requires": {
        "function-bind": "^1.1.1",
        "has": "^1.0.3",
        "has-proto": "^1.0.1",
        "has-symbols": "^1.0.3"
      }
    },
    "has": {
      "version": "1.0.3",
      "resolved": "https://registry.npmjs.org/has/-/has-1.0.3.tgz",
      "integrity": "sha512-f2dvO0VU6Oej7RkWJGrehjbzMAjFp5/VKPp5tTpWIV4JHHZK1/BxbFRtf/siA2SWTe09caDmVtYYzWEIbBS4zw==",
      "requires": {
        "function-bind": "^1.1.1"
      }
    },
    "has-proto": {
      "version": "1.0.1",
      "resolved": "https://registry.npmjs.org/has-proto/-/has-proto-1.0.1.tgz",
      "integrity": "sha512-7qE+iP+O+bgF9clE5+UoBFzE65mlBiVj3tKCrlNQ0Ogwm0BjpT/gK4SlLYDMybDh5I3TCTKnPPa0oMG7JDYrhg=="
    },
    "has-symbols": {
      "version": "1.0.3",
      "resolved": "https://registry.npmjs.org/has-symbols/-/has-symbols-1.0.3.tgz",
      "integrity": "sha512-l3LCuF6MgDNwTDKkdYGEihYjt5pRPbEg46rtlmnSPlUbgmB8LOIrKJbYYFBSbnPaJexMKtiPO8hmeRjRz2Td+A=="
    },
    "mdb-angular-ui-kit": {
      "version": "5.0.0",
      "resolved": "https://registry.npmjs.org/mdb-angular-ui-kit/-/mdb-angular-ui-kit-5.0.0.tgz",
      "integrity": "sha512-Hx3tWtbX+paIBJHPv3R64nnuQvBJq4V6P1Bm9kVzEAb8ODyNx+jFpC67/OJTb4Lh83dx3QB5EL3eYSgD7E0KpQ==",
      "requires": {
        "tslib": "^2.0.0"
      }
    },
    "ngx-stripe": {
      "version": "16.1.1",
      "resolved": "https://registry.npmjs.org/ngx-stripe/-/ngx-stripe-16.1.1.tgz",
      "integrity": "sha512-odk2xAPjam+7fPf+3wyzMfOqaYoZASpoP5F7HOcAms9NyZZDNlz5ynikmvPhYNTp7etdLBUeT4fAMFzhgVqs8Q==",
      "requires": {
        "tslib": "^2.3.0"
      }
    },
    "object-inspect": {
      "version": "1.12.3",
      "resolved": "https://registry.npmjs.org/object-inspect/-/object-inspect-1.12.3.tgz",
      "integrity": "sha512-geUvdk7c+eizMNUDkRpW1wJwgfOiOeHbxBR/hLXK1aT6zmVSO0jsQcs7fj6MGw89jC/cjGfLcNOrtMYtGqm81g=="
    },
    "parse5": {
      "version": "7.1.2",
      "resolved": "https://registry.npmjs.org/parse5/-/parse5-7.1.2.tgz",
      "integrity": "sha512-Czj1WaSVpaoj0wbhMzLmWD69anp2WH7FXMB9n1Sy8/ZFF9jolSQVMu1Ij5WIyGmcBmhk7EOndpO4mIpihVqAXw==",
      "optional": true,
      "peer": true,
      "requires": {
        "entities": "^4.4.0"
      }
    },
    "qs": {
      "version": "6.11.2",
      "resolved": "https://registry.npmjs.org/qs/-/qs-6.11.2.tgz",
      "integrity": "sha512-tDNIz22aBzCDxLtVH++VnTfzxlfeK5CbqohpSqpJgj1Wg/cQbStNAz3NuqCs5vV+pjBsK4x4pN9HlVh7rcYRiA==",
      "requires": {
        "side-channel": "^1.0.4"
      }
    },
    "reflect-metadata": {
      "version": "0.1.13",
      "resolved": "https://registry.npmjs.org/reflect-metadata/-/reflect-metadata-0.1.13.tgz",
      "integrity": "sha512-Ts1Y/anZELhSsjMcU605fU9RE4Oi3p5ORujwbIKXfWa+0Zxs510Qrmrce5/Jowq3cHSZSJqBjypxmHarc+vEWg=="
    },
    "rxjs": {
      "version": "7.8.1",
      "resolved": "https://registry.npmjs.org/rxjs/-/rxjs-7.8.1.tgz",
      "integrity": "sha512-AA3TVj+0A2iuIoQkWEK/tqFjBq2j+6PO6Y0zJcvzLAFhEFIO3HL0vls9hWLncZbAAbK0mar7oZ4V079I/qPMxg==",
      "peer": true,
      "requires": {
        "tslib": "^2.1.0"
      }
    },
    "side-channel": {
      "version": "1.0.4",
      "resolved": "https://registry.npmjs.org/side-channel/-/side-channel-1.0.4.tgz",
      "integrity": "sha512-q5XPytqFEIKHkGdiMIrY10mvLRvnQh42/+GoBlFW3b2LXLE2xxJpZFdm94we0BaoV3RwJyGqg5wS7epxTv0Zvw==",
      "requires": {
        "call-bind": "^1.0.0",
        "get-intrinsic": "^1.0.2",
        "object-inspect": "^1.9.0"
      }
    },
    "stripe": {
      "version": "12.9.0",
      "resolved": "https://registry.npmjs.org/stripe/-/stripe-12.9.0.tgz",
      "integrity": "sha512-stYtrWetRYUsEbsUVyJaPG9Sppt0ds2szBqXsuDG6KZPPuUmCccbpceLrhoOBwNl1RziEfNB7oG9wg1n2eW+EQ==",
      "requires": {
        "@types/node": ">=8.1.0",
        "qs": "^6.11.0"
      }
    },
    "stripe-angular": {
      "version": "1.9.3",
      "resolved": "https://registry.npmjs.org/stripe-angular/-/stripe-angular-1.9.3.tgz",
      "integrity": "sha512-GO7Qom9hnhRt+6TadV7UplsiSt/yHXfzSJ5fjpdpF/Z3eSCWFyQ7XLBwoEJKcW1klhSHC2zvD3A6U93FnDSZXQ==",
      "requires": {
        "tslib": "^2.3.0"
      }
    },
    "text-mask-core": {
      "version": "5.1.2",
      "resolved": "https://registry.npmjs.org/text-mask-core/-/text-mask-core-5.1.2.tgz",
      "integrity": "sha512-VfkCMdmRRZqXgQZFlDMiavm3hzsMzBM23CxHZsaeAYg66ZhXCNJWrFmnJwNy8KF9f74YvAUAuQenxsMCfuvhUw=="
    },
    "tslib": {
      "version": "2.5.3",
      "resolved": "https://registry.npmjs.org/tslib/-/tslib-2.5.3.tgz",
      "integrity": "sha512-mSxlJJwl3BMEQCUNnxXBU9jP4JBktcEGhURcPR6VQVlnP0FdDEsIaz0C35dXNGLyRfrATNofF0F5p2KPxQgB+w=="
    },
    "zone.js": {
      "version": "0.13.0",
      "resolved": "https://registry.npmjs.org/zone.js/-/zone.js-0.13.0.tgz",
      "integrity": "sha512-7m3hNNyswsdoDobCkYNAy5WiUulkMd3+fWaGT9ij6iq3Zr/IwJo4RMCYPSDjT+r7tnPErmY9sZpKhWQ8S5k6XQ==",
      "peer": true,
      "requires": {
        "tslib": "^2.3.0"
      }
    }
  }
}
